
Microsoft Visual Studio Solution File, Format Version 12.00
# Visual Studio Version 17
VisualStudioVersion = 17.5.33516.290
MinimumVisualStudioVersion = 10.0.40219.1
Project("{FAE04EC0-301F-11D3-BF4B-00C04F79EFBC}") = "RefitExample", "RefitExample\RefitExample.csproj", "{18793A76-531A-4E15-A6AD-A77C1E51A51E}"
EndProject
Global
	GlobalSection(SolutionConfigurationPlatforms) = preSolution
		Debug|Any CPU = Debug|Any CPU
		Release|Any CPU = Release|Any CPU
	EndGlobalSection
	GlobalSection(ProjectConfigurationPlatforms) = postSolution
		{18793A76-531A-4E15-A6AD-A77C1E51A51E}.Debug|Any CPU.ActiveCfg = Debug|Any CPU
		{18793A76-531A-4E15-A6AD-A77C1E51A51E}.Debug|Any CPU.Build.0 = Debug|Any CPU
		{18793A76-531A-4E15-A6AD-A77C1E51A51E}.Release|Any CPU.ActiveCfg = Release|Any CPU
		{18793A76-531A-4E15-A6AD-A77C1E51A51E}.Release|Any CPU.Build.0 = Release|Any CPU
	EndGlobalSection
	GlobalSection(SolutionProperties) = preSolution
		HideSolutionNode = FALSE
	EndGlobalSection
	GlobalSection(ExtensibilityGlobals) = postSolution
		SolutionGuid = {8E206E61-19AB-498E-885D-3894674AC764}
	EndGlobalSection
EndGlobal
